
Microsoft Visual Studio Solution File, Format Version 12.00
# Visual Studio Version 17
VisualStudioVersion = 17.8.34330.188
MinimumVisualStudioVersion = 10.0.40219.1
Project("{FAE04EC0-301F-11D3-BF4B-00C04F79EFBC}") = "WindowsFormsApp48", "WindowsFormsApp48\WindowsFormsApp48.csproj", "{221181C3-A801-4053-ACAD-86FFCC1DE811}"
EndProject
Global
	GlobalSection(SolutionConfigurationPlatforms) = preSolution
		Debug|Any CPU = Debug|Any CPU
		Release|Any CPU = Release|Any CPU
	EndGlobalSection
	GlobalSection(ProjectConfigurationPlatforms) = postSolution
		{221181C3-A801-4053-ACAD-86FFCC1DE811}.Debug|Any CPU.ActiveCfg = Debug|Any CPU
		{221181C3-A801-4053-ACAD-86FFCC1DE811}.Debug|Any CPU.Build.0 = Debug|Any CPU
		{221181C3-A801-4053-ACAD-86FFCC1DE811}.Release|Any CPU.ActiveCfg = Release|Any CPU
		{221181C3-A801-4053-ACAD-86FFCC1DE811}.Release|Any CPU.Build.0 = Release|Any CPU
	EndGlobalSection
	GlobalSection(SolutionProperties) = preSolution
		HideSolutionNode = FALSE
	EndGlobalSection
	GlobalSection(ExtensibilityGlobals) = postSolution
		SolutionGuid = {38BBC91C-6983-4009-B248-2B0930D19369}
	EndGlobalSection
EndGlobal
